Microsoft Visual Studio Solution File, Format Version 12.00
# Visual Studio Version 17
VisualStudioVersion = 17.5.2.0
MinimumVisualStudioVersion = 10.0.40219.1
Project("{FAE04EC0-301F-11D3-BF4B-00C04F79EFBC}") = "ebook-svc", "ebook-svc.csproj", "{3DDFAF20-CEEE-04E1-D6FE-48526735BF28}"
EndProject
Global
	GlobalSection(SolutionConfigurationPlatforms) = preSolution
		Debug|Any CPU = Debug|Any CPU
		Release|Any CPU = Release|Any CPU
	EndGlobalSection
	GlobalSection(ProjectConfigurationPlatforms) = postSolution
		{3DDFAF20-CEEE-04E1-D6FE-48526735BF28}.Debug|Any CPU.ActiveCfg = Debug|Any CPU
		{3DDFAF20-CEEE-04E1-D6FE-48526735BF28}.Debug|Any CPU.Build.0 = Debug|Any CPU
		{3DDFAF20-CEEE-04E1-D6FE-48526735BF28}.Release|Any CPU.ActiveCfg = Release|Any CPU
		{3DDFAF20-CEEE-04E1-D6FE-48526735BF28}.Release|Any CPU.Build.0 = Release|Any CPU
	EndGlobalSection
	GlobalSection(SolutionProperties) = preSolution
		HideSolutionNode = FALSE
	EndGlobalSection
	GlobalSection(ExtensibilityGlobals) = postSolution
		SolutionGuid = {B4E090D2-A0B4-40A2-A905-9C084144A200}
	EndGlobalSection
EndGlobal
